
Microsoft Visual Studio Solution File, Format Version 12.00
# Visual Studio Express 2013 for Web
VisualStudioVersion = 12.0.21005.1
MinimumVisualStudioVersion = 10.0.40219.1
Project("{FAE04EC0-301F-11D3-BF4B-00C04F79EFBC}") = "CafeProject.MobileWebApplication", "CafeProject.MobileWebApplication\CafeProject.MobileWebApplication.csproj", "{9E56FBAD-8301-4AC3-838E-4112D63A05AA}"
EndProject
Project("{FAE04EC0-301F-11D3-BF4B-00C04F79EFBC}") = "CafeProject.MobileDataLevel", "CafeProject.MobileDataLevel\CafeProject.MobileDataLevel.csproj", "{DB51A564-621A-4E5C-B006-63E2AA65B39B}"
EndProject
Global
	GlobalSection(SolutionConfigurationPlatforms) = preSolution
		Debug|Any CPU = Debug|Any CPU
		Release|Any CPU = Release|Any CPU
	EndGlobalSection
	GlobalSection(ProjectConfigurationPlatforms) = postSolution
		{9E56FBAD-8301-4AC3-838E-4112D63A05AA}.Debug|Any CPU.ActiveCfg = Debug|Any CPU
		{9E56FBAD-8301-4AC3-838E-4112D63A05AA}.Debug|Any CPU.Build.0 = Debug|Any CPU
		{9E56FBAD-8301-4AC3-838E-4112D63A05AA}.Release|Any CPU.ActiveCfg = Release|Any CPU
		{9E56FBAD-8301-4AC3-838E-4112D63A05AA}.Release|Any CPU.Build.0 = Release|Any CPU
		{DB51A564-621A-4E5C-B006-63E2AA65B39B}.Debug|Any CPU.ActiveCfg = Debug|Any CPU
		{DB51A564-621A-4E5C-B006-63E2AA65B39B}.Debug|Any CPU.Build.0 = Debug|Any CPU
		{DB51A564-621A-4E5C-B006-63E2AA65B39B}.Release|Any CPU.ActiveCfg = Release|Any CPU
		{DB51A564-621A-4E5C-B006-63E2AA65B39B}.Release|Any CPU.Build.0 = Release|Any CPU
	EndGlobalSection
	GlobalSection(SolutionProperties) = preSolution
		HideSolutionNode = FALSE
	EndGlobalSection
EndGlobal
